
Microsoft Visual Studio Solution File, Format Version 12.00
# Visual Studio 15
VisualStudioVersion = 15.0.27703.2035
MinimumVisualStudioVersion = 10.0.40219.1
Project("{8BC9CEB8-8B4A-11D0-8D11-00A0C91BC942}") = "HttpDemo", "HttpDemo\HttpDemo.vcxproj", "{D88A2682-C5B0-4817-BEAD-0E366502CCFD}"
EndProject
Global
	GlobalSection(SolutionConfigurationPlatforms) = preSolution
		Debug|x64 = Debug|x64
		Debug|x86 = Debug|x86
		Release|x64 = Release|x64
		Release|x86 = Release|x86
	EndGlobalSection
	GlobalSection(ProjectConfigurationPlatforms) = postSolution
		{D88A2682-C5B0-4817-BEAD-0E366502CCFD}.Debug|x64.ActiveCfg = Debug|x64
		{D88A2682-C5B0-4817-BEAD-0E366502CCFD}.Debug|x64.Build.0 = Debug|x64
		{D88A2682-C5B0-4817-BEAD-0E366502CCFD}.Debug|x86.ActiveCfg = Debug|Win32
		{D88A2682-C5B0-4817-BEAD-0E366502CCFD}.Debug|x86.Build.0 = Debug|Win32
		{D88A2682-C5B0-4817-BEAD-0E366502CCFD}.Release|x64.ActiveCfg = Release|x64
		{D88A2682-C5B0-4817-BEAD-0E366502CCFD}.Release|x64.Build.0 = Release|x64
		{D88A2682-C5B0-4817-BEAD-0E366502CCFD}.Release|x86.ActiveCfg = Release|Win32
		{D88A2682-C5B0-4817-BEAD-0E366502CCFD}.Release|x86.Build.0 = Release|Win32
	EndGlobalSection
	GlobalSection(SolutionProperties) = preSolution
		HideSolutionNode = FALSE
	EndGlobalSection
	GlobalSection(ExtensibilityGlobals) = postSolution
		SolutionGuid = {7AB3DA80-F8B0-4C80-9EC8-D44ABFAA2A7D}
	EndGlobalSection
EndGlobal
